// !$*UTF8*$!
{
	archiveVersion = 1;
	classes = {
	};
	objectVersion = 50;
	objects = {

/* Begin PBXBuildFile section */
		9BA7B0002139337200C5C8CE /* AppDelegate.m in Sources */ = {isa = PBXBuildFile; fileRef = 9BA7AFFF2139337200C5C8CE /* AppDelegate.m */; };
		9BA7B0062139337200C5C8CE /* Main.storyboard in Resources */ = {isa = PBXBuildFile; fileRef = 9BA7B0042139337200C5C8CE /* Main.storyboard */; };
		9BA7B0082139337400C5C8CE /* Assets.xcassets in Resources */ = {isa = PBXBuildFile; fileRef = 9BA7B0072139337400C5C8CE /* Assets.xcassets */; };
		9BA7B00B2139337400C5C8CE /* LaunchScreen.storyboard in Resources */ = {isa = PBXBuildFile; fileRef = 9BA7B0092139337400C5C8CE /* LaunchScreen.storyboard */; };
		9BA7B00E2139337400C5C8CE /* main.m in Sources */ = {isa = PBXBuildFile; fileRef = 9BA7B00D2139337400C5C8CE /* main.m */; };
		9BA7B01F213935AD00C5C8CE /* RoutePlanViewController.m in Sources */ = {isa = PBXBuildFile; fileRef = 9BA7B017213935AD00C5C8CE /* RoutePlanViewController.m */; };
		9BA7B020213935AD00C5C8CE /* FunctionViewController.m in Sources */ = {isa = PBXBuildFile; fileRef = 9BA7B018213935AD00C5C8CE /* FunctionViewController.m */; };
		9BA7B021213935AD00C5C8CE /* PersonalViewController.m in Sources */ = {isa = PBXBuildFile; fileRef = 9BA7B01D213935AD00C5C8CE /* PersonalViewController.m */; };
		9BA7B022213935AD00C5C8CE /* MainMapViewController.m in Sources */ = {isa = PBXBuildFile; fileRef = 9BA7B01E213935AD00C5C8CE /* MainMapViewController.m */; };
		9BA7B03C21393AC300C5C8CE /* FouctionTableViewCell.m in Sources */ = {isa = PBXBuildFile; fileRef = 9BA7B02521393AC200C5C8CE /* FouctionTableViewCell.m */; };
		9BA7B03D21393AC300C5C8CE /* SearchTableViewCell.m in Sources */ = {isa = PBXBuildFile; fileRef = 9BA7B02621393AC200C5C8CE /* SearchTableViewCell.m */; };
		9BA7B03E21393AC300C5C8CE /* SearchView.m in Sources */ = {isa = PBXBuildFile; fileRef = 9BA7B02821393AC200C5C8CE /* SearchView.m */; };
		9BA7B03F21393AC300C5C8CE /* RoutePlanTableViewCell.m in Sources */ = {isa = PBXBuildFile; fileRef = 9BA7B02B21393AC200C5C8CE /* RoutePlanTableViewCell.m */; };
		9BA7B04021393AC300C5C8CE /* thirteen.png in Resources */ = {isa = PBXBuildFile; fileRef = 9BA7B02E21393AC300C5C8CE /* thirteen.png */; };
		9BA7B04121393AC300C5C8CE /* ten.png in Resources */ = {isa = PBXBuildFile; fileRef = 9BA7B02F21393AC300C5C8CE /* ten.png */; };
		9BA7B04221393AC300C5C8CE /* three.png in Resources */ = {isa = PBXBuildFile; fileRef = 9BA7B03021393AC300C5C8CE /* three.png */; };
		9BA7B04321393AC300C5C8CE /* fourteen.png in Resources */ = {isa = PBXBuildFile; fileRef = 9BA7B03121393AC300C5C8CE /* fourteen.png */; };
		9BA7B04421393AC300C5C8CE /* six.png in Resources */ = {isa = PBXBuildFile; fileRef = 9BA7B03221393AC300C5C8CE /* six.png */; };
		9BA7B04521393AC300C5C8CE /* two.png in Resources */ = {isa = PBXBuildFile; fileRef = 9BA7B03321393AC300C5C8CE /* two.png */; };
		9BA7B04621393AC300C5C8CE /* four.png in Resources */ = {isa = PBXBuildFile; fileRef = 9BA7B03421393AC300C5C8CE /* four.png */; };
		9BA7B04721393AC300C5C8CE /* twelve.png in Resources */ = {isa = PBXBuildFile; fileRef = 9BA7B03521393AC300C5C8CE /* twelve.png */; };
		9BA7B04821393AC300C5C8CE /* eight.png in Resources */ = {isa = PBXBuildFile; fileRef = 9BA7B03621393AC300C5C8CE /* eight.png */; };
		9BA7B04921393AC300C5C8CE /* five.png in Resources */ = {isa = PBXBuildFile; fileRef = 9BA7B03721393AC300C5C8CE /* five.png */; };
		9BA7B04A21393AC300C5C8CE /* one.png in Resources */ = {isa = PBXBuildFile; fileRef = 9BA7B03821393AC300C5C8CE /* one.png */; };
		9BA7B04B21393AC300C5C8CE /* seven.png in Resources */ = {isa = PBXBuildFile; fileRef = 9BA7B03921393AC300C5C8CE /* seven.png */; };
		9BA7B04C21393AC300C5C8CE /* eleven.png in Resources */ = {isa = PBXBuildFile; fileRef = 9BA7B03A21393AC300C5C8CE /* eleven.png */; };
		9BA7B04D21393AC300C5C8CE /* nine.png in Resources */ = {isa = PBXBuildFile; fileRef = 9BA7B03B21393AC300C5C8CE /* nine.png */; };
		9BA7B05221393E3A00C5C8CE /* Polyline.framework in Frameworks */ = {isa = PBXBuildFile; fileRef = 9BA7B04E21393E3800C5C8CE /* Polyline.framework */; };
		9BA7B05321393E3A00C5C8CE /* Polyline.framework in Embed Frameworks */ = {isa = PBXBuildFile; fileRef = 9BA7B04E21393E3800C5C8CE /* Polyline.framework */; settings = {ATTRIBUTES = (CodeSignOnCopy, RemoveHeadersOnCopy, ); }; };
		9BA7B05421393E3A00C5C8CE /* EMapgo.framework in Frameworks */ = {isa = PBXBuildFile; fileRef = 9BA7B04F21393E3A00C5C8CE /* EMapgo.framework */; };
		9BA7B05521393E3A00C5C8CE /* EMapgo.framework in Embed Frameworks */ = {isa = PBXBuildFile; fileRef = 9BA7B04F21393E3A00C5C8CE /* EMapgo.framework */; settings = {ATTRIBUTES = (CodeSignOnCopy, RemoveHeadersOnCopy, ); }; };
		9BA7B05621393E3A00C5C8CE /* MapboxDirections.framework in Frameworks */ = {isa = PBXBuildFile; fileRef = 9BA7B05021393E3A00C5C8CE /* MapboxDirections.framework */; };
		9BA7B05721393E3A00C5C8CE /* MapboxDirections.framework in Embed Frameworks */ = {isa = PBXBuildFile; fileRef = 9BA7B05021393E3A00C5C8CE /* MapboxDirections.framework */; settings = {ATTRIBUTES = (CodeSignOnCopy, RemoveHeadersOnCopy, ); }; };
		9BA7B05821393E3A00C5C8CE /* EMapgoPOI.framework in Frameworks */ = {isa = PBXBuildFile; fileRef = 9BA7B05121393E3A00C5C8CE /* EMapgoPOI.framework */; };
		9BA7B05921393E3A00C5C8CE /* EMapgoPOI.framework in Embed Frameworks */ = {isa = PBXBuildFile; fileRef = 9BA7B05121393E3A00C5C8CE /* EMapgoPOI.framework */; settings = {ATTRIBUTES = (CodeSignOnCopy, RemoveHeadersOnCopy, ); }; };
/* End PBXBuildFile section */

/* Begin PBXCopyFilesBuildPhase section */
		9BA7B05A21393E3A00C5C8CE /* Embed Frameworks */ = {
			isa = PBXCopyFilesBuildPhase;
			buildActionMask = 2147483647;
			dstPath = "";
			dstSubfolderSpec = 10;
			files = (
				9BA7B05921393E3A00C5C8CE /* EMapgoPOI.framework in Embed Frameworks */,
				9BA7B05721393E3A00C5C8CE /* MapboxDirections.framework in Embed Frameworks */,
				9BA7B05321393E3A00C5C8CE /* Polyline.framework in Embed Frameworks */,
				9BA7B05521393E3A00C5C8CE /* EMapgo.framework in Embed Frameworks */,
			);
			name = "Embed Frameworks";
			runOnlyForDeploymentPostprocessing = 0;
		};
/* End PBXCopyFilesBuildPhase section */

/* Begin PBXFileReference section */
		9BA7AFFB2139337200C5C8CE /* EMapgoDemo.app */ = {isa = PBXFileReference; explicitFileType = wrapper.application; includeInIndex = 0; path = EMapgoDemo.app; sourceTree = BUILT_PRODUCTS_DIR; };
		9BA7AFFE2139337200C5C8CE /* AppDelegate.h */ = {isa = PBXFileReference; lastKnownFileType = sourcecode.c.h; path = AppDelegate.h; sourceTree = "<group>"; };
		9BA7AFFF2139337200C5C8CE /* AppDelegate.m */ = {isa = PBXFileReference; lastKnownFileType = sourcecode.c.objc; path = AppDelegate.m; sourceTree = "<group>"; };
		9BA7B0052139337200C5C8CE /* Base */ = {isa = PBXFileReference; lastKnownFileType = file.storyboard; name = Base; path = Base.lproj/Main.storyboard; sourceTree = "<group>"; };
		9BA7B0072139337400C5C8CE /* Assets.xcassets */ = {isa = PBXFileReference; lastKnownFileType = folder.assetcatalog; path = Assets.xcassets; sourceTree = "<group>"; };
		9BA7B00A2139337400C5C8CE /* Base */ = {isa = PBXFileReference; lastKnownFileType = file.storyboard; name = Base; path = Base.lproj/LaunchScreen.storyboard; sourceTree = "<group>"; };
		9BA7B00C2139337400C5C8CE /* Info.plist */ = {isa = PBXFileReference; lastKnownFileType = text.plist.xml; path = Info.plist; sourceTree = "<group>"; };
		9BA7B00D2139337400C5C8CE /* main.m */ = {isa = PBXFileReference; lastKnownFileType = sourcecode.c.objc; path = main.m; sourceTree = "<group>"; };
		9BA7B017213935AD00C5C8CE /* RoutePlanViewController.m */ = {isa = PBXFileReference; fileEncoding = 4; lastKnownFileType = sourcecode.c.objc; path = RoutePlanViewController.m; sourceTree = "<group>"; };
		9BA7B018213935AD00C5C8CE /* FunctionViewController.m */ = {isa = PBXFileReference; fileEncoding = 4; lastKnownFileType = sourcecode.c.objc; path = FunctionViewController.m; sourceTree = "<group>"; };
		9BA7B019213935AD00C5C8CE /* MainMapViewController.h */ = {isa = PBXFileReference; fileEncoding = 4; lastKnownFileType = sourcecode.c.h; path = MainMapViewController.h; sourceTree = "<group>"; };
		9BA7B01A213935AD00C5C8CE /* PersonalViewController.h */ = {isa = PBXFileReference; fileEncoding = 4; lastKnownFileType = sourcecode.c.h; path = PersonalViewController.h; sourceTree = "<group>"; };
		9BA7B01B213935AD00C5C8CE /* FunctionViewController.h */ = {isa = PBXFileReference; fileEncoding = 4; lastKnownFileType = sourcecode.c.h; path = FunctionViewController.h; sourceTree = "<group>"; };
		9BA7B01C213935AD00C5C8CE /* RoutePlanViewController.h */ = {isa = PBXFileReference; fileEncoding = 4; lastKnownFileType = sourcecode.c.h; path = RoutePlanViewController.h; sourceTree = "<group>"; };
		9BA7B01D213935AD00C5C8CE /* PersonalViewController.m */ = {isa = PBXFileReference; fileEncoding = 4; lastKnownFileType = sourcecode.c.objc; path = PersonalViewController.m; sourceTree = "<group>"; };
		9BA7B01E213935AD00C5C8CE /* MainMapViewController.m */ = {isa = PBXFileReference; fileEncoding = 4; lastKnownFileType = sourcecode.c.objc; path = MainMapViewController.m; sourceTree = "<group>"; };
		9BA7B02321393AB900C5C8CE /* EMapgoConfig.h */ = {isa = PBXFileReference; fileEncoding = 4; lastKnownFileType = sourcecode.c.h; path = EMapgoConfig.h; sourceTree = "<group>"; };
		9BA7B02521393AC200C5C8CE /* FouctionTableViewCell.m */ = {isa = PBXFileReference; fileEncoding = 4; lastKnownFileType = sourcecode.c.objc; path = FouctionTableViewCell.m; sourceTree = "<group>"; };
		9BA7B02621393AC200C5C8CE /* SearchTableViewCell.m */ = {isa = PBXFileReference; fileEncoding = 4; lastKnownFileType = sourcecode.c.objc; path = SearchTableViewCell.m; sourceTree = "<group>"; };
		9BA7B02721393AC200C5C8CE /* RoutePlanTableViewCell.h */ = {isa = PBXFileReference; fileEncoding = 4; lastKnownFileType = sourcecode.c.h; path = RoutePlanTableViewCell.h; sourceTree = "<group>"; };
		9BA7B02821393AC200C5C8CE /* SearchView.m */ = {isa = PBXFileReference; fileEncoding = 4; lastKnownFileType = sourcecode.c.objc; path = SearchView.m; sourceTree = "<group>"; };
		9BA7B02921393AC200C5C8CE /* SearchTableViewCell.h */ = {isa = PBXFileReference; fileEncoding = 4; lastKnownFileType = sourcecode.c.h; path = SearchTableViewCell.h; sourceTree = "<group>"; };
		9BA7B02A21393AC200C5C8CE /* FouctionTableViewCell.h */ = {isa = PBXFileReference; fileEncoding = 4; lastKnownFileType = sourcecode.c.h; path = FouctionTableViewCell.h; sourceTree = "<group>"; };
		9BA7B02B21393AC200C5C8CE /* RoutePlanTableViewCell.m */ = {isa = PBXFileReference; fileEncoding = 4; lastKnownFileType = sourcecode.c.objc; path = RoutePlanTableViewCell.m; sourceTree = "<group>"; };
		9BA7B02C21393AC200C5C8CE /* SearchView.h */ = {isa = PBXFileReference; fileEncoding = 4; lastKnownFileType = sourcecode.c.h; path = SearchView.h; sourceTree = "<group>"; };
		9BA7B02E21393AC300C5C8CE /* thirteen.png */ = {isa = PBXFileReference; lastKnownFileType = image.png; path = thirteen.png; sourceTree = "<group>"; };
		9BA7B02F21393AC300C5C8CE /* ten.png */ = {isa = PBXFileReference; lastKnownFileType = image.png; path = ten.png; sourceTree = "<group>"; };
		9BA7B03021393AC300C5C8CE /* three.png */ = {isa = PBXFileReference; lastKnownFileType = image.png; path = three.png; sourceTree = "<group>"; };
		9BA7B03121393AC300C5C8CE /* fourteen.png */ = {isa = PBXFileReference; lastKnownFileType = image.png; path = fourteen.png; sourceTree = "<group>"; };
		9BA7B03221393AC300C5C8CE /* six.png */ = {isa = PBXFileReference; lastKnownFileType = image.png; path = six.png; sourceTree = "<group>"; };
		9BA7B03321393AC300C5C8CE /* two.png */ = {isa = PBXFileReference; lastKnownFileType = image.png; path = two.png; sourceTree = "<group>"; };
		9BA7B03421393AC300C5C8CE /* four.png */ = {isa = PBXFileReference; lastKnownFileType = image.png; path = four.png; sourceTree = "<group>"; };
		9BA7B03521393AC300C5C8CE /* twelve.png */ = {isa = PBXFileReference; lastKnownFileType = image.png; path = twelve.png; sourceTree = "<group>"; };
		9BA7B03621393AC300C5C8CE /* eight.png */ = {isa = PBXFileReference; lastKnownFileType = image.png; path = eight.png; sourceTree = "<group>"; };
		9BA7B03721393AC300C5C8CE /* five.png */ = {isa = PBXFileReference; lastKnownFileType = image.png; path = five.png; sourceTree = "<group>"; };
		9BA7B03821393AC300C5C8CE /* one.png */ = {isa = PBXFileReference; lastKnownFileType = image.png; path = one.png; sourceTree = "<group>"; };
		9BA7B03921393AC300C5C8CE /* seven.png */ = {isa = PBXFileReference; lastKnownFileType = image.png; path = seven.png; sourceTree = "<group>"; };
		9BA7B03A21393AC300C5C8CE /* eleven.png */ = {isa = PBXFileReference; lastKnownFileType = image.png; path = eleven.png; sourceTree = "<group>"; };
		9BA7B03B21393AC300C5C8CE /* nine.png */ = {isa = PBXFileReference; lastKnownFileType = image.png; path = nine.png; sourceTree = "<group>"; };
		9BA7B04E21393E3800C5C8CE /* Polyline.framework */ = {isa = PBXFileReference; lastKnownFileType = wrapper.framework; path = Polyline.framework; sourceTree = "<group>"; };
		9BA7B04F21393E3A00C5C8CE /* EMapgo.framework */ = {isa = PBXFileReference; lastKnownFileType = wrapper.framework; path = EMapgo.framework; sourceTree = "<group>"; };
		9BA7B05021393E3A00C5C8CE /* MapboxDirections.framework */ = {isa = PBXFileReference; lastKnownFileType = wrapper.framework; path = MapboxDirections.framework; sourceTree = "<group>"; };
		9BA7B05121393E3A00C5C8CE /* EMapgoPOI.framework */ = {isa = PBXFileReference; lastKnownFileType = wrapper.framework; path = EMapgoPOI.framework; sourceTree = "<group>"; };
/* End PBXFileReference section */

/* Begin PBXFrameworksBuildPhase section */
		9BA7AFF82139337200C5C8CE /* Frameworks */ = {
			isa = PBXFrameworksBuildPhase;
			buildActionMask = 2147483647;
			files = (
				9BA7B05821393E3A00C5C8CE /* EMapgoPOI.framework in Frameworks */,
				9BA7B05621393E3A00C5C8CE /* MapboxDirections.framework in Frameworks */,
				9BA7B05221393E3A00C5C8CE /* Polyline.framework in Frameworks */,
				9BA7B05421393E3A00C5C8CE /* EMapgo.framework in Frameworks */,
			);
			runOnlyForDeploymentPostprocessing = 0;
		};
/* End PBXFrameworksBuildPhase section */

/* Begin PBXGroup section */
		9BA7AFF22139337200C5C8CE = {
			isa = PBXGroup;
			children = (
				9BA7B04F21393E3A00C5C8CE /* EMapgo.framework */,
				9BA7B05121393E3A00C5C8CE /* EMapgoPOI.framework */,
				9BA7B05021393E3A00C5C8CE /* MapboxDirections.framework */,
				9BA7B04E21393E3800C5C8CE /* Polyline.framework */,
				9BA7AFFD2139337200C5C8CE /* EMapgoDemo */,
				9BA7AFFC2139337200C5C8CE /* Products */,
			);
			sourceTree = "<group>";
		};
		9BA7AFFC2139337200C5C8CE /* Products */ = {
			isa = PBXGroup;
			children = (
				9BA7AFFB2139337200C5C8CE /* EMapgoDemo.app */,
			);
			name = Products;
			sourceTree = "<group>";
		};
		9BA7AFFD2139337200C5C8CE /* EMapgoDemo */ = {
			isa = PBXGroup;
			children = (
				9BA7AFFE2139337200C5C8CE /* AppDelegate.h */,
				9BA7AFFF2139337200C5C8CE /* AppDelegate.m */,
				9BA7B02321393AB900C5C8CE /* EMapgoConfig.h */,
				9BA7B016213935AD00C5C8CE /* Controller */,
				9BA7B02421393AC200C5C8CE /* Views */,
				9BA7B02D21393AC200C5C8CE /* tempsource */,
				9BA7B0042139337200C5C8CE /* Main.storyboard */,
				9BA7B0072139337400C5C8CE /* Assets.xcassets */,
				9BA7B0092139337400C5C8CE /* LaunchScreen.storyboard */,
				9BA7B00C2139337400C5C8CE /* Info.plist */,
				9BA7B00D2139337400C5C8CE /* main.m */,
			);
			path = EMapgoDemo;
			sourceTree = "<group>";
		};
		9BA7B016213935AD00C5C8CE /* Controller */ = {
			isa = PBXGroup;
			children = (
				9BA7B019213935AD00C5C8CE /* MainMapViewController.h */,
				9BA7B01E213935AD00C5C8CE /* MainMapViewController.m */,
				9BA7B01C213935AD00C5C8CE /* RoutePlanViewController.h */,
				9BA7B017213935AD00C5C8CE /* RoutePlanViewController.m */,
				9BA7B01B213935AD00C5C8CE /* FunctionViewController.h */,
				9BA7B018213935AD00C5C8CE /* FunctionViewController.m */,
				9BA7B01A213935AD00C5C8CE /* PersonalViewController.h */,
				9BA7B01D213935AD00C5C8CE /* PersonalViewController.m */,
			);
			path = Controller;
			sourceTree = "<group>";
		};
		9BA7B02421393AC200C5C8CE /* Views */ = {
			isa = PBXGroup;
			children = (
				9BA7B02521393AC200C5C8CE /* FouctionTableViewCell.m */,
				9BA7B02621393AC200C5C8CE /* SearchTableViewCell.m */,
				9BA7B02721393AC200C5C8CE /* RoutePlanTableViewCell.h */,
				9BA7B02821393AC200C5C8CE /* SearchView.m */,
				9BA7B02921393AC200C5C8CE /* SearchTableViewCell.h */,
				9BA7B02A21393AC200C5C8CE /* FouctionTableViewCell.h */,
				9BA7B02B21393AC200C5C8CE /* RoutePlanTableViewCell.m */,
				9BA7B02C21393AC200C5C8CE /* SearchView.h */,
			);
			path = Views;
			sourceTree = "<group>";
		};
		9BA7B02D21393AC200C5C8CE /* tempsource */ = {
			isa = PBXGroup;
			children = (
				9BA7B02E21393AC300C5C8CE /* thirteen.png */,
				9BA7B02F21393AC300C5C8CE /* ten.png */,
				9BA7B03021393AC300C5C8CE /* three.png */,
				9BA7B03121393AC300C5C8CE /* fourteen.png */,
				9BA7B03221393AC300C5C8CE /* six.png */,
				9BA7B03321393AC300C5C8CE /* two.png */,
				9BA7B03421393AC300C5C8CE /* four.png */,
				9BA7B03521393AC300C5C8CE /* twelve.png */,
				9BA7B03621393AC300C5C8CE /* eight.png */,
				9BA7B03721393AC300C5C8CE /* five.png */,
				9BA7B03821393AC300C5C8CE /* one.png */,
				9BA7B03921393AC300C5C8CE /* seven.png */,
				9BA7B03A21393AC300C5C8CE /* eleven.png */,
				9BA7B03B21393AC300C5C8CE /* nine.png */,
			);
			path = tempsource;
			sourceTree = "<group>";
		};
/* End PBXGroup section */

/* Begin PBXNativeTarget section */
		9BA7AFFA2139337200C5C8CE /* EMapgoDemo */ = {
			isa = PBXNativeTarget;
			buildConfigurationList = 9BA7B0112139337400C5C8CE /* Build configuration list for PBXNativeTarget "EMapgoDemo" */;
			buildPhases = (
				9BA7AFF72139337200C5C8CE /* Sources */,
				9BA7AFF82139337200C5C8CE /* Frameworks */,
				9BA7AFF92139337200C5C8CE /* Resources */,
				9BA7B05A21393E3A00C5C8CE /* Embed Frameworks */,
			);
			buildRules = (
			);
			dependencies = (
			);
			name = EMapgoDemo;
			productName = EMapgoDemo;
			productReference = 9BA7AFFB2139337200C5C8CE /* EMapgoDemo.app */;
			productType = "com.apple.product-type.application";
		};
/* End PBXNativeTarget section */

/* Begin PBXProject section */
		9BA7AFF32139337200C5C8CE /* Project object */ = {
			isa = PBXProject;
			attributes = {
				LastUpgradeCheck = 0940;
				ORGANIZATIONNAME = "王晓磊";
				TargetAttributes = {
					9BA7AFFA2139337200C5C8CE = {
						CreatedOnToolsVersion = 9.4.1;
					};
				};
			};
			buildConfigurationList = 9BA7AFF62139337200C5C8CE /* Build configuration list for PBXProject "EMapgoDemo" */;
			compatibilityVersion = "Xcode 9.3";
			developmentRegion = en;
			hasScannedForEncodings = 0;
			knownRegions = (
				en,
				Base,
			);
			mainGroup = 9BA7AFF22139337200C5C8CE;
			productRefGroup = 9BA7AFFC2139337200C5C8CE /* Products */;
			projectDirPath = "";
			projectRoot = "";
			targets = (
				9BA7AFFA2139337200C5C8CE /* EMapgoDemo */,
			);
		};
/* End PBXProject section */

/* Begin PBXResourcesBuildPhase section */
		9BA7AFF92139337200C5C8CE /* Resources */ = {
			isa = PBXResourcesBuildPhase;
			buildActionMask = 2147483647;
			files = (
				9BA7B04321393AC300C5C8CE /* fourteen.png in Resources */,
				9BA7B04621393AC300C5C8CE /* four.png in Resources */,
				9BA7B04121393AC300C5C8CE /* ten.png in Resources */,
				9BA7B00B2139337400C5C8CE /* LaunchScreen.storyboard in Resources */,
				9BA7B04D21393AC300C5C8CE /* nine.png in Resources */,
				9BA7B04B21393AC300C5C8CE /* seven.png in Resources */,
				9BA7B04221393AC300C5C8CE /* three.png in Resources */,
				9BA7B04921393AC300C5C8CE /* five.png in Resources */,
				9BA7B04821393AC300C5C8CE /* eight.png in Resources */,
				9BA7B0082139337400C5C8CE /* Assets.xcassets in Resources */,
				9BA7B04021393AC300C5C8CE /* thirteen.png in Resources */,
				9BA7B04521393AC300C5C8CE /* two.png in Resources */,
				9BA7B04421393AC300C5C8CE /* six.png in Resources */,
				9BA7B04C21393AC300C5C8CE /* eleven.png in Resources */,
				9BA7B0062139337200C5C8CE /* Main.storyboard in Resources */,
				9BA7B04A21393AC300C5C8CE /* one.png in Resources */,
				9BA7B04721393AC300C5C8CE /* twelve.png in Resources */,
			);
			runOnlyForDeploymentPostprocessing = 0;
		};
/* End PBXResourcesBuildPhase section */

/* Begin PBXSourcesBuildPhase section */
		9BA7AFF72139337200C5C8CE /* Sources */ = {
			isa = PBXSourcesBuildPhase;
			buildActionMask = 2147483647;
			files = (
				9BA7B03E21393AC300C5C8CE /* SearchView.m in Sources */,
				9BA7B020213935AD00C5C8CE /* FunctionViewController.m in Sources */,
				9BA7B03D21393AC300C5C8CE /* SearchTableViewCell.m in Sources */,
				9BA7B03C21393AC300C5C8CE /* FouctionTableViewCell.m in Sources */,
				9BA7B03F21393AC300C5C8CE /* RoutePlanTableViewCell.m in Sources */,
				9BA7B00E2139337400C5C8CE /* main.m in Sources */,
				9BA7B022213935AD00C5C8CE /* MainMapViewController.m in Sources */,
				9BA7B01F213935AD00C5C8CE /* RoutePlanViewController.m in Sources */,
				9BA7B021213935AD00C5C8CE /* PersonalViewController.m in Sources */,
				9BA7B0002139337200C5C8CE /* AppDelegate.m in Sources */,
			);
			runOnlyForDeploymentPostprocessing = 0;
		};
/* End PBXSourcesBuildPhase section */

/* Begin PBXVariantGroup section */
		9BA7B0042139337200C5C8CE /* Main.storyboard */ = {
			isa = PBXVariantGroup;
			children = (
				9BA7B0052139337200C5C8CE /* Base */,
			);
			name = Main.storyboard;
			sourceTree = "<group>";
		};
		9BA7B0092139337400C5C8CE /* LaunchScreen.storyboard */ = {
			isa = PBXVariantGroup;
			children = (
				9BA7B00A2139337400C5C8CE /* Base */,
			);
			name = LaunchScreen.storyboard;
			sourceTree = "<group>";
		};
/* End PBXVariantGroup section */

/* Begin XCBuildConfiguration section */
		9BA7B00F2139337400C5C8CE /* Debug */ = {
			isa = XCBuildConfiguration;
			buildSettings = {
				ALWAYS_SEARCH_USER_PATHS = NO;
				CLANG_ANALYZER_NONNULL = YES;
				CLANG_ANALYZER_NUMBER_OBJECT_CONVERSION = YES_AGGRESSIVE;
				CLANG_CXX_LANGUAGE_STANDARD = "gnu++14";
				CLANG_CXX_LIBRARY = "libc++";
				CLANG_ENABLE_MODULES = YES;
				CLANG_ENABLE_OBJC_ARC = YES;
				CLANG_ENABLE_OBJC_WEAK = YES;
				CLANG_WARN_BLOCK_CAPTURE_AUTORELEASING = YES;
				CLANG_WARN_BOOL_CONVERSION = YES;
				CLANG_WARN_COMMA = YES;
				CLANG_WARN_CONSTANT_CONVERSION = YES;
				CLANG_WARN_DEPRECATED_OBJC_IMPLEMENTATIONS = YES;
				CLANG_WARN_DIRECT_OBJC_ISA_USAGE = YES_ERROR;
				CLANG_WARN_DOCUMENTATION_COMMENTS = YES;
				CLANG_WARN_EMPTY_BODY = YES;
				CLANG_WARN_ENUM_CONVERSION = YES;
				CLANG_WARN_INFINITE_RECURSION = YES;
				CLANG_WARN_INT_CONVERSION = YES;
				CLANG_WARN_NON_LITERAL_NULL_CONVERSION = YES;
				CLANG_WARN_OBJC_IMPLICIT_RETAIN_SELF = YES;
				CLANG_WARN_OBJC_LITERAL_CONVERSION = YES;
				CLANG_WARN_OBJC_ROOT_CLASS = YES_ERROR;
				CLANG_WARN_RANGE_LOOP_ANALYSIS = YES;
				CLANG_WARN_STRICT_PROTOTYPES = YES;
				CLANG_WARN_SUSPICIOUS_MOVE = YES;
				CLANG_WARN_UNGUARDED_AVAILABILITY = YES_AGGRESSIVE;
				CLANG_WARN_UNREACHABLE_CODE = YES;
				CLANG_WARN__DUPLICATE_METHOD_MATCH = YES;
				CODE_SIGN_IDENTITY = "iPhone Developer";
				COPY_PHASE_STRIP = NO;
				DEBUG_INFORMATION_FORMAT = dwarf;
				ENABLE_STRICT_OBJC_MSGSEND = YES;
				ENABLE_TESTABILITY = YES;
				GCC_C_LANGUAGE_STANDARD = gnu11;
				GCC_DYNAMIC_NO_PIC = NO;
				GCC_NO_COMMON_BLOCKS = YES;
				GCC_OPTIMIZATION_LEVEL = 0;
				GCC_PREPROCESSOR_DEFINITIONS = (
					"DEBUG=1",
					"$(inherited)",
				);
				GCC_WARN_64_TO_32_BIT_CONVERSION = YES;
				GCC_WARN_ABOUT_RETURN_TYPE = YES_ERROR;
				GCC_WARN_UNDECLARED_SELECTOR = YES;
				GCC_WARN_UNINITIALIZED_AUTOS = YES_AGGRESSIVE;
				GCC_WARN_UNUSED_FUNCTION = YES;
				GCC_WARN_UNUSED_VARIABLE = YES;
				IPHONEOS_DEPLOYMENT_TARGET = 11.4;
				MTL_ENABLE_DEBUG_INFO = YES;
				ONLY_ACTIVE_ARCH = YES;
				SDKROOT = iphoneos;
			};
			name = Debug;
		};
		9BA7B0102139337400C5C8CE /* Release */ = {
			isa = XCBuildConfiguration;
			buildSettings = {
				ALWAYS_SEARCH_USER_PATHS = NO;
				CLANG_ANALYZER_NONNULL = YES;
				CLANG_ANALYZER_NUMBER_OBJECT_CONVERSION = YES_AGGRESSIVE;
				CLANG_CXX_LANGUAGE_STANDARD = "gnu++14";
				CLANG_CXX_LIBRARY = "libc++";
				CLANG_ENABLE_MODULES = YES;
				CLANG_ENABLE_OBJC_ARC = YES;
				CLANG_ENABLE_OBJC_WEAK = YES;
				CLANG_WARN_BLOCK_CAPTURE_AUTORELEASING = YES;
				CLANG_WARN_BOOL_CONVERSION = YES;
				CLANG_WARN_COMMA = YES;
				CLANG_WARN_CONSTANT_CONVERSION = YES;
				CLANG_WARN_DEPRECATED_OBJC_IMPLEMENTATIONS = YES;
				CLANG_WARN_DIRECT_OBJC_ISA_USAGE = YES_ERROR;
				CLANG_WARN_DOCUMENTATION_COMMENTS = YES;
				CLANG_WARN_EMPTY_BODY = YES;
				CLANG_WARN_ENUM_CONVERSION = YES;
				CLANG_WARN_INFINITE_RECURSION = YES;
				CLANG_WARN_INT_CONVERSION = YES;
				CLANG_WARN_NON_LITERAL_NULL_CONVERSION = YES;
				CLANG_WARN_OBJC_IMPLICIT_RETAIN_SELF = YES;
				CLANG_WARN_OBJC_LITERAL_CONVERSION = YES;
				CLANG_WARN_OBJC_ROOT_CLASS = YES_ERROR;
				CLANG_WARN_RANGE_LOOP_ANALYSIS = YES;
				CLANG_WARN_STRICT_PROTOTYPES = YES;
				CLANG_WARN_SUSPICIOUS_MOVE = YES;
				CLANG_WARN_UNGUARDED_AVAILABILITY = YES_AGGRESSIVE;
				CLANG_WARN_UNREACHABLE_CODE = YES;
				CLANG_WARN__DUPLICATE_METHOD_MATCH = YES;
				CODE_SIGN_IDENTITY = "iPhone Developer";
				COPY_PHASE_STRIP = NO;
				DEBUG_INFORMATION_FORMAT = "dwarf-with-dsym";
				ENABLE_NS_ASSERTIONS = NO;
				ENABLE_STRICT_OBJC_MSGSEND = YES;
				GCC_C_LANGUAGE_STANDARD = gnu11;
				GCC_NO_COMMON_BLOCKS = YES;
				GCC_WARN_64_TO_32_BIT_CONVERSION = YES;
				GCC_WARN_ABOUT_RETURN_TYPE = YES_ERROR;
				GCC_WARN_UNDECLARED_SELECTOR = YES;
				GCC_WARN_UNINITIALIZED_AUTOS = YES_AGGRESSIVE;
				GCC_WARN_UNUSED_FUNCTION = YES;
				GCC_WARN_UNUSED_VARIABLE = YES;
				IPHONEOS_DEPLOYMENT_TARGET = 11.4;
				MTL_ENABLE_DEBUG_INFO = NO;
				SDKROOT = iphoneos;
				VALIDATE_PRODUCT = YES;
			};
			name = Release;
		};
		9BA7B0122139337400C5C8CE /* Debug */ = {
			isa = XCBuildConfiguration;
			buildSettings = {
				ALWAYS_EMBED_SWIFT_STANDARD_LIBRARIES = YES;
				ASSETCATALOG_COMPILER_APPICON_NAME = AppIcon;
				CODE_SIGN_STYLE = Automatic;
				DEVELOPMENT_TEAM = 83YXHQR646;
				FRAMEWORK_SEARCH_PATHS = (
					"$(inherited)",
					"$(PROJECT_DIR)",
				);
				INFOPLIST_FILE = EMapgoDemo/Info.plist;
				IPHONEOS_DEPLOYMENT_TARGET = 9.0;
				LD_RUNPATH_SEARCH_PATHS = (
					"$(inherited)",
					"@executable_path/Frameworks",
				);
				PRODUCT_BUNDLE_IDENTIFIER = com.xiaolei.EmapgoDemo.EMapgoDemo;
				PRODUCT_NAME = "$(TARGET_NAME)";
				TARGETED_DEVICE_FAMILY = "1,2";
			};
			name = Debug;
		};
		9BA7B0132139337400C5C8CE /* Release */ = {
			isa = XCBuildConfiguration;
			buildSettings = {
				ALWAYS_EMBED_SWIFT_STANDARD_LIBRARIES = YES;
				ASSETCATALOG_COMPILER_APPICON_NAME = AppIcon;
				CODE_SIGN_STYLE = Automatic;
				DEVELOPMENT_TEAM = 83YXHQR646;
				FRAMEWORK_SEARCH_PATHS = (
					"$(inherited)",
					"$(PROJECT_DIR)",
				);
				INFOPLIST_FILE = EMapgoDemo/Info.plist;
				IPHONEOS_DEPLOYMENT_TARGET = 9.0;
				LD_RUNPATH_SEARCH_PATHS = (
					"$(inherited)",
					"@executable_path/Frameworks",
				);
				PRODUCT_BUNDLE_IDENTIFIER = com.xiaolei.EmapgoDemo.EMapgoDemo;
				PRODUCT_NAME = "$(TARGET_NAME)";
				TARGETED_DEVICE_FAMILY = "1,2";
			};
			name = Release;
		};
/* End XCBuildConfiguration section */

/* Begin XCConfigurationList section */
		9BA7AFF62139337200C5C8CE /* Build configuration list for PBXProject "EMapgoDemo" */ = {
			isa = XCConfigurationList;
			buildConfigurations = (
				9BA7B00F2139337400C5C8CE /* Debug */,
				9BA7B0102139337400C5C8CE /* Release */,
			);
			defaultConfigurationIsVisible = 0;
			defaultConfigurationName = Release;
		};
		9BA7B0112139337400C5C8CE /* Build configuration list for PBXNativeTarget "EMapgoDemo" */ = {
			isa = XCConfigurationList;
			buildConfigurations = (
				9BA7B0122139337400C5C8CE /* Debug */,
				9BA7B0132139337400C5C8CE /* Release */,
			);
			defaultConfigurationIsVisible = 0;
			defaultConfigurationName = Release;
		};
/* End XCConfigurationList section */
	};
	rootObject = 9BA7AFF32139337200C5C8CE /* Project object */;
}
